
Microsoft Visual Studio Solution File, Format Version 12.00
# Visual Studio Version 17
VisualStudioVersion = 17.4.33213.308
MinimumVisualStudioVersion = 10.0.40219.1
Project("{FAE04EC0-301F-11D3-BF4B-00C04F79EFBC}") = "Aula31", "Aula31\Aula31.csproj", "{5B749D39-8963-437A-ABA9-AB9687061FA5}"
EndProject
Global
	GlobalSection(SolutionConfigurationPlatforms) = preSolution
		Debug|Any CPU = Debug|Any CPU
		Release|Any CPU = Release|Any CPU
	EndGlobalSection
	GlobalSection(ProjectConfigurationPlatforms) = postSolution
		{5B749D39-8963-437A-ABA9-AB9687061FA5}.Debug|Any CPU.ActiveCfg = Debug|Any CPU
		{5B749D39-8963-437A-ABA9-AB9687061FA5}.Debug|Any CPU.Build.0 = Debug|Any CPU
		{5B749D39-8963-437A-ABA9-AB9687061FA5}.Release|Any CPU.ActiveCfg = Release|Any CPU
		{5B749D39-8963-437A-ABA9-AB9687061FA5}.Release|Any CPU.Build.0 = Release|Any CPU
	EndGlobalSection
	GlobalSection(SolutionProperties) = preSolution
		HideSolutionNode = FALSE
	EndGlobalSection
	GlobalSection(ExtensibilityGlobals) = postSolution
		SolutionGuid = {0613E72A-DFAA-4401-B03A-CE8E3C0FF47E}
	EndGlobalSection
EndGlobal
